github.com/JFMajer/datafile v0.0.3 h1:rHFZqfx9YBYcdBIC2fFWnUaDIlMZDl/q6gz31DPUgBM=
github.com/JFMajer/datafile v0.0.3/go.mod h1:Ax+p/N102EVHMkZbKes3PtRWFHmwC2r+jCBx8BDDlc4=
github.com/JFMajer/datafile v0.0.4 h1:FY1tx3+XMOBC+r02GUEMrpET2aRYNmBkcIbveK1KxMM=
github.com/JFMajer/datafile v0.0.4/go.mod h1:Ax+p/N102EVHMkZbKes3PtRWFHmwC2r+jCBx8BDDlc4=
github.com/JFMajer/datafile v0.0.5 h1:GQ+76Rrt17OGBXNi49n8P7Bq7rcj0Fdikh8KiIfnaNg=
github.com/JFMajer/datafile v0.0.5/go.mod h1:Ax+p/N102EVHMkZbKes3PtRWFHmwC2r+jCBx8BDDlc4=
github.com/JFMajer/keyboard v0.0.0-20220928104205-293b7aac4d6d h1:+38Ea17lOhvR37NOTb0GqxhIUmM9y27Z1YnlehuzSN8=
github.com/JFMajer/keyboard v0.0.0-20220928104205-293b7aac4d6d/go.mod h1:BsRrddpbFbyp5SFaTvJQX9pE4LqfWLbesvOjvBIKuGw=
