github.com/JFMajer/datafile v0.0.2 h1:01cPI4VS16hQ7XtfMnwANYLmb2byEMroqakcUFfVQNc=
github.com/JFMajer/datafile v0.0.2/go.mod h1:Ax+p/N102EVHMkZbKes3PtRWFHmwC2r+jCBx8BDDlc4=
github.com/JFMajer/keyboard v0.0.0-20220928104205-293b7aac4d6d h1:+38Ea17lOhvR37NOTb0GqxhIUmM9y27Z1YnlehuzSN8=
github.com/JFMajer/keyboard v0.0.0-20220928104205-293b7aac4d6d/go.mod h1:BsRrddpbFbyp5SFaTvJQX9pE4LqfWLbesvOjvBIKuGw=
